// !$*UTF8*$!
{
	archiveVersion = 1;
	classes = {
	};
	objectVersion = 56;
	objects = {

/* Begin PBXBuildFile section */
		200AB8CB298557A400F4CBA0 /* AppDelegate.swift in Sources */ = {isa = PBXBuildFile; fileRef = 200AB8CA298557A400F4CBA0 /* AppDelegate.swift */; };
		200AB8CD298557A400F4CBA0 /* SceneDelegate.swift in Sources */ = {isa = PBXBuildFile; fileRef = 200AB8CC298557A400F4CBA0 /* SceneDelegate.swift */; };
		200AB8CF298557A400F4CBA0 /* FeedViewController.swift in Sources */ = {isa = PBXBuildFile; fileRef = 200AB8CE298557A400F4CBA0 /* FeedViewController.swift */; };
		200AB8D4298557A600F4CBA0 /* Assets.xcassets in Resources */ = {isa = PBXBuildFile; fileRef = 200AB8D3298557A600F4CBA0 /* Assets.xcassets */; };
		200AB8D7298557A600F4CBA0 /* LaunchScreen.storyboard in Resources */ = {isa = PBXBuildFile; fileRef = 200AB8D5298557A600F4CBA0 /* LaunchScreen.storyboard */; };
		200AB8DF298557DD00F4CBA0 /* ProfileViewController.swift in Sources */ = {isa = PBXBuildFile; fileRef = 200AB8DE298557DD00F4CBA0 /* ProfileViewController.swift */; };
		200AB8E12985581800F4CBA0 /* MainTabBarController.swift in Sources */ = {isa = PBXBuildFile; fileRef = 200AB8E02985581800F4CBA0 /* MainTabBarController.swift */; };
		207E2B1D29892B14006E6DFE /* PostViewController.swift in Sources */ = {isa = PBXBuildFile; fileRef = 207E2B1C29892B14006E6DFE /* PostViewController.swift */; };
		207E2B1F29892C94006E6DFE /* PostOld.swift in Sources */ = {isa = PBXBuildFile; fileRef = 207E2B1E29892C94006E6DFE /* PostOld.swift */; };
		207E2B2229892E14006E6DFE /* InfoViewController.swift in Sources */ = {isa = PBXBuildFile; fileRef = 207E2B2129892E14006E6DFE /* InfoViewController.swift */; };
		CB1778C629D5DDE000F4DBD1 /* LogInViewController.swift in Sources */ = {isa = PBXBuildFile; fileRef = CB1778C529D5DDE000F4DBD1 /* LogInViewController.swift */; };
		CB1778C829D7332800F4DBD1 /* CustomTextFieldView.swift in Sources */ = {isa = PBXBuildFile; fileRef = CB1778C729D7332800F4DBD1 /* CustomTextFieldView.swift */; };
		CB1778CA29DF0BC300F4DBD1 /* ProfileTableHeaderView.swift in Sources */ = {isa = PBXBuildFile; fileRef = CB1778C929DF0BC300F4DBD1 /* ProfileTableHeaderView.swift */; };
		CB1778CC29DF0ED200F4DBD1 /* Post.swift in Sources */ = {isa = PBXBuildFile; fileRef = CB1778CB29DF0ED200F4DBD1 /* Post.swift */; };
		CB1778CE29E6F43A00F4DBD1 /* ProfileTableViewCell.swift in Sources */ = {isa = PBXBuildFile; fileRef = CB1778CD29E6F43A00F4DBD1 /* ProfileTableViewCell.swift */; };
		CB26915829AF7FA20041DE94 /* ProfileHeaderView.swift in Sources */ = {isa = PBXBuildFile; fileRef = CB26915729AF7FA20041DE94 /* ProfileHeaderView.swift */; };
		CB3A6E2329E9D9AB00BBDAF0 /* PhotosViewController.swift in Sources */ = {isa = PBXBuildFile; fileRef = CB3A6E2229E9D9AB00BBDAF0 /* PhotosViewController.swift */; };
		CB3A6E2529EDC41300BBDAF0 /* PhotosCollectionViewCell.swift in Sources */ = {isa = PBXBuildFile; fileRef = CB3A6E2429EDC41300BBDAF0 /* PhotosCollectionViewCell.swift */; };
		CBA972BC29E9A1AB00B9A8A1 /* PhotosTableViewCell.swift in Sources */ = {isa = PBXBuildFile; fileRef = CBA972BB29E9A1AB00B9A8A1 /* PhotosTableViewCell.swift */; };
/* End PBXBuildFile section */

/* Begin PBXFileReference section */
		200AB8C7298557A400F4CBA0 /* Navigation.app */ = {isa = PBXFileReference; explicitFileType = wrapper.application; includeInIndex = 0; path = Navigation.app; sourceTree = BUILT_PRODUCTS_DIR; };
		200AB8CA298557A400F4CBA0 /* AppDelegate.swift */ = {isa = PBXFileReference; lastKnownFileType = sourcecode.swift; path = AppDelegate.swift; sourceTree = "<group>"; };
		200AB8CC298557A400F4CBA0 /* SceneDelegate.swift */ = {isa = PBXFileReference; lastKnownFileType = sourcecode.swift; path = SceneDelegate.swift; sourceTree = "<group>"; };
		200AB8CE298557A400F4CBA0 /* FeedViewController.swift */ = {isa = PBXFileReference; lastKnownFileType = sourcecode.swift; path = FeedViewController.swift; sourceTree = "<group>"; };
		200AB8D3298557A600F4CBA0 /* Assets.xcassets */ = {isa = PBXFileReference; lastKnownFileType = folder.assetcatalog; path = Assets.xcassets; sourceTree = "<group>"; };
		200AB8D6298557A600F4CBA0 /* Base */ = {isa = PBXFileReference; lastKnownFileType = file.storyboard; name = Base; path = Base.lproj/LaunchScreen.storyboard; sourceTree = "<group>"; };
		200AB8D8298557A600F4CBA0 /* Info.plist */ = {isa = PBXFileReference; lastKnownFileType = text.plist.xml; path = Info.plist; sourceTree = "<group>"; };
		200AB8DE298557DD00F4CBA0 /* ProfileViewController.swift */ = {isa = PBXFileReference; lastKnownFileType = sourcecode.swift; path = ProfileViewController.swift; sourceTree = "<group>"; };
		200AB8E02985581800F4CBA0 /* MainTabBarController.swift */ = {isa = PBXFileReference; lastKnownFileType = sourcecode.swift; path = MainTabBarController.swift; sourceTree = "<group>"; };
		207E2B1C29892B14006E6DFE /* PostViewController.swift */ = {isa = PBXFileReference; lastKnownFileType = sourcecode.swift; path = PostViewController.swift; sourceTree = "<group>"; };
		207E2B1E29892C94006E6DFE /* PostOld.swift */ = {isa = PBXFileReference; lastKnownFileType = sourcecode.swift; path = PostOld.swift; sourceTree = "<group>"; };
		207E2B2129892E14006E6DFE /* InfoViewController.swift */ = {isa = PBXFileReference; lastKnownFileType = sourcecode.swift; path = InfoViewController.swift; sourceTree = "<group>"; };
		CB1778C529D5DDE000F4DBD1 /* LogInViewController.swift */ = {isa = PBXFileReference; lastKnownFileType = sourcecode.swift; path = LogInViewController.swift; sourceTree = "<group>"; };
		CB1778C729D7332800F4DBD1 /* CustomTextFieldView.swift */ = {isa = PBXFileReference; lastKnownFileType = sourcecode.swift; path = CustomTextFieldView.swift; sourceTree = "<group>"; };
		CB1778C929DF0BC300F4DBD1 /* ProfileTableHeaderView.swift */ = {isa = PBXFileReference; lastKnownFileType = sourcecode.swift; path = ProfileTableHeaderView.swift; sourceTree = "<group>"; };
		CB1778CB29DF0ED200F4DBD1 /* Post.swift */ = {isa = PBXFileReference; lastKnownFileType = sourcecode.swift; path = Post.swift; sourceTree = "<group>"; };
		CB1778CD29E6F43A00F4DBD1 /* ProfileTableViewCell.swift */ = {isa = PBXFileReference; lastKnownFileType = sourcecode.swift; path = ProfileTableViewCell.swift; sourceTree = "<group>"; };
		CB26915729AF7FA20041DE94 /* ProfileHeaderView.swift */ = {isa = PBXFileReference; lastKnownFileType = sourcecode.swift; path = ProfileHeaderView.swift; sourceTree = "<group>"; };
		CB3A6E2229E9D9AB00BBDAF0 /* PhotosViewController.swift */ = {isa = PBXFileReference; lastKnownFileType = sourcecode.swift; path = PhotosViewController.swift; sourceTree = "<group>"; };
		CB3A6E2429EDC41300BBDAF0 /* PhotosCollectionViewCell.swift */ = {isa = PBXFileReference; lastKnownFileType = sourcecode.swift; path = PhotosCollectionViewCell.swift; sourceTree = "<group>"; };
		CBA972BB29E9A1AB00B9A8A1 /* PhotosTableViewCell.swift */ = {isa = PBXFileReference; lastKnownFileType = sourcecode.swift; path = PhotosTableViewCell.swift; sourceTree = "<group>"; };
/* End PBXFileReference section */

/* Begin PBXFrameworksBuildPhase section */
		200AB8C4298557A400F4CBA0 /* Frameworks */ = {
			isa = PBXFrameworksBuildPhase;
			buildActionMask = 2147483647;
			files = (
			);
			runOnlyForDeploymentPostprocessing = 0;
		};
/* End PBXFrameworksBuildPhase section */

/* Begin PBXGroup section */
		200AB8BE298557A400F4CBA0 = {
			isa = PBXGroup;
			children = (
				200AB8C9298557A400F4CBA0 /* Navigation */,
				200AB8C8298557A400F4CBA0 /* Products */,
			);
			sourceTree = "<group>";
		};
		200AB8C8298557A400F4CBA0 /* Products */ = {
			isa = PBXGroup;
			children = (
				200AB8C7298557A400F4CBA0 /* Navigation.app */,
			);
			name = Products;
			sourceTree = "<group>";
		};
		200AB8C9298557A400F4CBA0 /* Navigation */ = {
			isa = PBXGroup;
			children = (
				200AB8CA298557A400F4CBA0 /* AppDelegate.swift */,
				200AB8CC298557A400F4CBA0 /* SceneDelegate.swift */,
				207E2B2329892E22006E6DFE /* Info */,
				207E2B2029892CB3006E6DFE /* Post */,
				207E2B2529892E32006E6DFE /* Feed */,
				207E2B2429892E2C006E6DFE /* Profile */,
				200AB8D3298557A600F4CBA0 /* Assets.xcassets */,
				200AB8D5298557A600F4CBA0 /* LaunchScreen.storyboard */,
				200AB8D8298557A600F4CBA0 /* Info.plist */,
				200AB8E02985581800F4CBA0 /* MainTabBarController.swift */,
			);
			path = Navigation;
			sourceTree = "<group>";
		};
		207E2B2029892CB3006E6DFE /* Post */ = {
			isa = PBXGroup;
			children = (
				207E2B1C29892B14006E6DFE /* PostViewController.swift */,
				207E2B1E29892C94006E6DFE /* PostOld.swift */,
			);
			path = Post;
			sourceTree = "<group>";
		};
		207E2B2329892E22006E6DFE /* Info */ = {
			isa = PBXGroup;
			children = (
				207E2B2129892E14006E6DFE /* InfoViewController.swift */,
			);
			path = Info;
			sourceTree = "<group>";
		};
		207E2B2429892E2C006E6DFE /* Profile */ = {
			isa = PBXGroup;
			children = (
				200AB8DE298557DD00F4CBA0 /* ProfileViewController.swift */,
				CB26915729AF7FA20041DE94 /* ProfileHeaderView.swift */,
				CB1778C529D5DDE000F4DBD1 /* LogInViewController.swift */,
				CB1778C729D7332800F4DBD1 /* CustomTextFieldView.swift */,
				CB1778C929DF0BC300F4DBD1 /* ProfileTableHeaderView.swift */,
				CB1778CB29DF0ED200F4DBD1 /* Post.swift */,
				CB1778CD29E6F43A00F4DBD1 /* ProfileTableViewCell.swift */,
				CBA972BB29E9A1AB00B9A8A1 /* PhotosTableViewCell.swift */,
				CB3A6E2229E9D9AB00BBDAF0 /* PhotosViewController.swift */,
				CB3A6E2429EDC41300BBDAF0 /* PhotosCollectionViewCell.swift */,
			);
			path = Profile;
			sourceTree = "<group>";
		};
		207E2B2529892E32006E6DFE /* Feed */ = {
			isa = PBXGroup;
			children = (
				200AB8CE298557A400F4CBA0 /* FeedViewController.swift */,
			);
			path = Feed;
			sourceTree = "<group>";
		};
/* End PBXGroup section */

/* Begin PBXNativeTarget section */
		200AB8C6298557A400F4CBA0 /* Navigation */ = {
			isa = PBXNativeTarget;
			buildConfigurationList = 200AB8DB298557A600F4CBA0 /* Build configuration list for PBXNativeTarget "Navigation" */;
			buildPhases = (
				200AB8C3298557A400F4CBA0 /* Sources */,
				200AB8C4298557A400F4CBA0 /* Frameworks */,
				200AB8C5298557A400F4CBA0 /* Resources */,
			);
			buildRules = (
			);
			dependencies = (
			);
			name = Navigation;
			productName = Navigation;
			productReference = 200AB8C7298557A400F4CBA0 /* Navigation.app */;
			productType = "com.apple.product-type.application";
		};
/* End PBXNativeTarget section */

/* Begin PBXProject section */
		200AB8BF298557A400F4CBA0 /* Project object */ = {
			isa = PBXProject;
			attributes = {
				BuildIndependentTargetsInParallel = 1;
				LastSwiftUpdateCheck = 1420;
				LastUpgradeCheck = 1420;
				TargetAttributes = {
					200AB8C6298557A400F4CBA0 = {
						CreatedOnToolsVersion = 14.2;
					};
				};
			};
			buildConfigurationList = 200AB8C2298557A400F4CBA0 /* Build configuration list for PBXProject "Navigation" */;
			compatibilityVersion = "Xcode 14.0";
			developmentRegion = en;
			hasScannedForEncodings = 0;
			knownRegions = (
				en,
				Base,
			);
			mainGroup = 200AB8BE298557A400F4CBA0;
			productRefGroup = 200AB8C8298557A400F4CBA0 /* Products */;
			projectDirPath = "";
			projectRoot = "";
			targets = (
				200AB8C6298557A400F4CBA0 /* Navigation */,
			);
		};
/* End PBXProject section */

/* Begin PBXResourcesBuildPhase section */
		200AB8C5298557A400F4CBA0 /* Resources */ = {
			isa = PBXResourcesBuildPhase;
			buildActionMask = 2147483647;
			files = (
				200AB8D7298557A600F4CBA0 /* LaunchScreen.storyboard in Resources */,
				200AB8D4298557A600F4CBA0 /* Assets.xcassets in Resources */,
			);
			runOnlyForDeploymentPostprocessing = 0;
		};
/* End PBXResourcesBuildPhase section */

/* Begin PBXSourcesBuildPhase section */
		200AB8C3298557A400F4CBA0 /* Sources */ = {
			isa = PBXSourcesBuildPhase;
			buildActionMask = 2147483647;
			files = (
				CBA972BC29E9A1AB00B9A8A1 /* PhotosTableViewCell.swift in Sources */,
				CB3A6E2329E9D9AB00BBDAF0 /* PhotosViewController.swift in Sources */,
				207E2B1D29892B14006E6DFE /* PostViewController.swift in Sources */,
				CB1778CE29E6F43A00F4DBD1 /* ProfileTableViewCell.swift in Sources */,
				CB1778C829D7332800F4DBD1 /* CustomTextFieldView.swift in Sources */,
				200AB8CF298557A400F4CBA0 /* FeedViewController.swift in Sources */,
				200AB8CB298557A400F4CBA0 /* AppDelegate.swift in Sources */,
				CB1778CC29DF0ED200F4DBD1 /* Post.swift in Sources */,
				200AB8E12985581800F4CBA0 /* MainTabBarController.swift in Sources */,
				CB26915829AF7FA20041DE94 /* ProfileHeaderView.swift in Sources */,
				200AB8DF298557DD00F4CBA0 /* ProfileViewController.swift in Sources */,
				207E2B1F29892C94006E6DFE /* PostOld.swift in Sources */,
				207E2B2229892E14006E6DFE /* InfoViewController.swift in Sources */,
				CB1778C629D5DDE000F4DBD1 /* LogInViewController.swift in Sources */,
				CB3A6E2529EDC41300BBDAF0 /* PhotosCollectionViewCell.swift in Sources */,
				CB1778CA29DF0BC300F4DBD1 /* ProfileTableHeaderView.swift in Sources */,
				200AB8CD298557A400F4CBA0 /* SceneDelegate.swift in Sources */,
			);
			runOnlyForDeploymentPostprocessing = 0;
		};
/* End PBXSourcesBuildPhase section */

/* Begin PBXVariantGroup section */
		200AB8D5298557A600F4CBA0 /* LaunchScreen.storyboard */ = {
			isa = PBXVariantGroup;
			children = (
				200AB8D6298557A600F4CBA0 /* Base */,
			);
			name = LaunchScreen.storyboard;
			sourceTree = "<group>";
		};
/* End PBXVariantGroup section */

/* Begin XCBuildConfiguration section */
		200AB8D9298557A600F4CBA0 /* Debug */ = {
			isa = XCBuildConfiguration;
			buildSettings = {
				ALWAYS_SEARCH_USER_PATHS = NO;
				CLANG_ANALYZER_NONNULL = YES;
				CLANG_ANALYZER_NUMBER_OBJECT_CONVERSION = YES_AGGRESSIVE;
				CLANG_CXX_LANGUAGE_STANDARD = "gnu++20";
				CLANG_ENABLE_MODULES = YES;
				CLANG_ENABLE_OBJC_ARC = YES;
				CLANG_ENABLE_OBJC_WEAK = YES;
				CLANG_WARN_BLOCK_CAPTURE_AUTORELEASING = YES;
				CLANG_WARN_BOOL_CONVERSION = YES;
				CLANG_WARN_COMMA = YES;
				CLANG_WARN_CONSTANT_CONVERSION = YES;
				CLANG_WARN_DEPRECATED_OBJC_IMPLEMENTATIONS = YES;
				CLANG_WARN_DIRECT_OBJC_ISA_USAGE = YES_ERROR;
				CLANG_WARN_DOCUMENTATION_COMMENTS = YES;
				CLANG_WARN_EMPTY_BODY = YES;
				CLANG_WARN_ENUM_CONVERSION = YES;
				CLANG_WARN_INFINITE_RECURSION = YES;
				CLANG_WARN_INT_CONVERSION = YES;
				CLANG_WARN_NON_LITERAL_NULL_CONVERSION = YES;
				CLANG_WARN_OBJC_IMPLICIT_RETAIN_SELF = YES;
				CLANG_WARN_OBJC_LITERAL_CONVERSION = YES;
				CLANG_WARN_OBJC_ROOT_CLASS = YES_ERROR;
				CLANG_WARN_QUOTED_INCLUDE_IN_FRAMEWORK_HEADER = YES;
				CLANG_WARN_RANGE_LOOP_ANALYSIS = YES;
				CLANG_WARN_STRICT_PROTOTYPES = YES;
				CLANG_WARN_SUSPICIOUS_MOVE = YES;
				CLANG_WARN_UNGUARDED_AVAILABILITY = YES_AGGRESSIVE;
				CLANG_WARN_UNREACHABLE_CODE = YES;
				CLANG_WARN__DUPLICATE_METHOD_MATCH = YES;
				COPY_PHASE_STRIP = NO;
				DEBUG_INFORMATION_FORMAT = dwarf;
				ENABLE_STRICT_OBJC_MSGSEND = YES;
				ENABLE_TESTABILITY = YES;
				GCC_C_LANGUAGE_STANDARD = gnu11;
				GCC_DYNAMIC_NO_PIC = NO;
				GCC_NO_COMMON_BLOCKS = YES;
				GCC_OPTIMIZATION_LEVEL = 0;
				GCC_PREPROCESSOR_DEFINITIONS = (
					"DEBUG=1",
					"$(inherited)",
				);
				GCC_WARN_64_TO_32_BIT_CONVERSION = YES;
				GCC_WARN_ABOUT_RETURN_TYPE = YES_ERROR;
				GCC_WARN_UNDECLARED_SELECTOR = YES;
				GCC_WARN_UNINITIALIZED_AUTOS = YES_AGGRESSIVE;
				GCC_WARN_UNUSED_FUNCTION = YES;
				GCC_WARN_UNUSED_VARIABLE = YES;
				IPHONEOS_DEPLOYMENT_TARGET = 16.2;
				MTL_ENABLE_DEBUG_INFO = INCLUDE_SOURCE;
				MTL_FAST_MATH = YES;
				ONLY_ACTIVE_ARCH = YES;
				SDKROOT = iphoneos;
				SWIFT_ACTIVE_COMPILATION_CONDITIONS = DEBUG;
				SWIFT_OPTIMIZATION_LEVEL = "-Onone";
			};
			name = Debug;
		};
		200AB8DA298557A600F4CBA0 /* Release */ = {
			isa = XCBuildConfiguration;
			buildSettings = {
				ALWAYS_SEARCH_USER_PATHS = NO;
				CLANG_ANALYZER_NONNULL = YES;
				CLANG_ANALYZER_NUMBER_OBJECT_CONVERSION = YES_AGGRESSIVE;
				CLANG_CXX_LANGUAGE_STANDARD = "gnu++20";
				CLANG_ENABLE_MODULES = YES;
				CLANG_ENABLE_OBJC_ARC = YES;
				CLANG_ENABLE_OBJC_WEAK = YES;
				CLANG_WARN_BLOCK_CAPTURE_AUTORELEASING = YES;
				CLANG_WARN_BOOL_CONVERSION = YES;
				CLANG_WARN_COMMA = YES;
				CLANG_WARN_CONSTANT_CONVERSION = YES;
				CLANG_WARN_DEPRECATED_OBJC_IMPLEMENTATIONS = YES;
				CLANG_WARN_DIRECT_OBJC_ISA_USAGE = YES_ERROR;
				CLANG_WARN_DOCUMENTATION_COMMENTS = YES;
				CLANG_WARN_EMPTY_BODY = YES;
				CLANG_WARN_ENUM_CONVERSION = YES;
				CLANG_WARN_INFINITE_RECURSION = YES;
				CLANG_WARN_INT_CONVERSION = YES;
				CLANG_WARN_NON_LITERAL_NULL_CONVERSION = YES;
				CLANG_WARN_OBJC_IMPLICIT_RETAIN_SELF = YES;
				CLANG_WARN_OBJC_LITERAL_CONVERSION = YES;
				CLANG_WARN_OBJC_ROOT_CLASS = YES_ERROR;
				CLANG_WARN_QUOTED_INCLUDE_IN_FRAMEWORK_HEADER = YES;
				CLANG_WARN_RANGE_LOOP_ANALYSIS = YES;
				CLANG_WARN_STRICT_PROTOTYPES = YES;
				CLANG_WARN_SUSPICIOUS_MOVE = YES;
				CLANG_WARN_UNGUARDED_AVAILABILITY = YES_AGGRESSIVE;
				CLANG_WARN_UNREACHABLE_CODE = YES;
				CLANG_WARN__DUPLICATE_METHOD_MATCH = YES;
				COPY_PHASE_STRIP = NO;
				DEBUG_INFORMATION_FORMAT = "dwarf-with-dsym";
				ENABLE_NS_ASSERTIONS = NO;
				ENABLE_STRICT_OBJC_MSGSEND = YES;
				GCC_C_LANGUAGE_STANDARD = gnu11;
				GCC_NO_COMMON_BLOCKS = YES;
				GCC_WARN_64_TO_32_BIT_CONVERSION = YES;
				GCC_WARN_ABOUT_RETURN_TYPE = YES_ERROR;
				GCC_WARN_UNDECLARED_SELECTOR = YES;
				GCC_WARN_UNINITIALIZED_AUTOS = YES_AGGRESSIVE;
				GCC_WARN_UNUSED_FUNCTION = YES;
				GCC_WARN_UNUSED_VARIABLE = YES;
				IPHONEOS_DEPLOYMENT_TARGET = 16.2;
				MTL_ENABLE_DEBUG_INFO = NO;
				MTL_FAST_MATH = YES;
				SDKROOT = iphoneos;
				SWIFT_COMPILATION_MODE = wholemodule;
				SWIFT_OPTIMIZATION_LEVEL = "-O";
				VALIDATE_PRODUCT = YES;
			};
			name = Release;
		};
		200AB8DC298557A600F4CBA0 /* Debug */ = {
			isa = XCBuildConfiguration;
			buildSettings = {
				ASSETCATALOG_COMPILER_APPICON_NAME = AppIcon;
				ASSETCATALOG_COMPILER_GLOBAL_ACCENT_COLOR_NAME = AccentColor;
				CODE_SIGN_STYLE = Automatic;
				CURRENT_PROJECT_VERSION = 1;
				DEVELOPMENT_TEAM = QHPV38N7M5;
				GENERATE_INFOPLIST_FILE = YES;
				INFOPLIST_FILE = Navigation/Info.plist;
				INFOPLIST_KEY_UIApplicationSupportsIndirectInputEvents = YES;
				INFOPLIST_KEY_UILaunchStoryboardName = LaunchScreen;
				INFOPLIST_KEY_UISupportedInterfaceOrientations_iPad = "UIInterfaceOrientationPortrait UIInterfaceOrientationPortraitUpsideDown UIInterfaceOrientationLandscapeLeft UIInterfaceOrientationLandscapeRight";
				INFOPLIST_KEY_UISupportedInterfaceOrientations_iPhone = "UIInterfaceOrientationPortrait UIInterfaceOrientationLandscapeLeft UIInterfaceOrientationLandscapeRight";
				LD_RUNPATH_SEARCH_PATHS = (
					"$(inherited)",
					"@executable_path/Frameworks",
				);
				MARKETING_VERSION = 1.0;
				PRODUCT_BUNDLE_IDENTIFIER = "-.Navigation";
				PRODUCT_NAME = "$(TARGET_NAME)";
				SWIFT_EMIT_LOC_STRINGS = YES;
				SWIFT_VERSION = 5.0;
				TARGETED_DEVICE_FAMILY = "1,2";
			};
			name = Debug;
		};
		200AB8DD298557A600F4CBA0 /* Release */ = {
			isa = XCBuildConfiguration;
			buildSettings = {
				ASSETCATALOG_COMPILER_APPICON_NAME = AppIcon;
				ASSETCATALOG_COMPILER_GLOBAL_ACCENT_COLOR_NAME = AccentColor;
				CODE_SIGN_STYLE = Automatic;
				CURRENT_PROJECT_VERSION = 1;
				DEVELOPMENT_TEAM = QHPV38N7M5;
				GENERATE_INFOPLIST_FILE = YES;
				INFOPLIST_FILE = Navigation/Info.plist;
				INFOPLIST_KEY_UIApplicationSupportsIndirectInputEvents = YES;
				INFOPLIST_KEY_UILaunchStoryboardName = LaunchScreen;
				INFOPLIST_KEY_UISupportedInterfaceOrientations_iPad = "UIInterfaceOrientationPortrait UIInterfaceOrientationPortraitUpsideDown UIInterfaceOrientationLandscapeLeft UIInterfaceOrientationLandscapeRight";
				INFOPLIST_KEY_UISupportedInterfaceOrientations_iPhone = "UIInterfaceOrientationPortrait UIInterfaceOrientationLandscapeLeft UIInterfaceOrientationLandscapeRight";
				LD_RUNPATH_SEARCH_PATHS = (
					"$(inherited)",
					"@executable_path/Frameworks",
				);
				MARKETING_VERSION = 1.0;
				PRODUCT_BUNDLE_IDENTIFIER = "-.Navigation";
				PRODUCT_NAME = "$(TARGET_NAME)";
				SWIFT_EMIT_LOC_STRINGS = YES;
				SWIFT_VERSION = 5.0;
				TARGETED_DEVICE_FAMILY = "1,2";
			};
			name = Release;
		};
/* End XCBuildConfiguration section */

/* Begin XCConfigurationList section */
		200AB8C2298557A400F4CBA0 /* Build configuration list for PBXProject "Navigation" */ = {
			isa = XCConfigurationList;
			buildConfigurations = (
				200AB8D9298557A600F4CBA0 /* Debug */,
				200AB8DA298557A600F4CBA0 /* Release */,
			);
			defaultConfigurationIsVisible = 0;
			defaultConfigurationName = Release;
		};
		200AB8DB298557A600F4CBA0 /* Build configuration list for PBXNativeTarget "Navigation" */ = {
			isa = XCConfigurationList;
			buildConfigurations = (
				200AB8DC298557A600F4CBA0 /* Debug */,
				200AB8DD298557A600F4CBA0 /* Release */,
			);
			defaultConfigurationIsVisible = 0;
			defaultConfigurationName = Release;
		};
/* End XCConfigurationList section */
	};
	rootObject = 200AB8BF298557A400F4CBA0 /* Project object */;
}
